{
  "name": "suitescript-generator",
  "version": "0.0.0",
  "lockfileVersion": 2,
  "requires": true,
  "packages": {
    "": {
      "name": "suitescript-generator",
      "version": "0.0.0",
      "dependencies": {
        "optparse": "^1.0.5"
      }
    },
    "node_modules/optparse": {
      "version": "1.0.5",
      "resolved": "https://registry.npmjs.org/optparse/-/optparse-1.0.5.tgz",
      "integrity": "sha512-WfnNWLS3vr8omCm8nKYKaRbapuy6pEbx1O0B+eP5sUf/a++sT9/h8PflqBoHsY9N+YdzUT12T8snXigq13QpJg=="
    }
  },
  "dependencies": {
    "optparse": {
      "version": "1.0.5",
      "resolved": "https://registry.npmjs.org/optparse/-/optparse-1.0.5.tgz",
      "integrity": "sha512-WfnNWLS3vr8omCm8nKYKaRbapuy6pEbx1O0B+eP5sUf/a++sT9/h8PflqBoHsY9N+YdzUT12T8snXigq13QpJg=="
    }
  }
}
